
Microsoft Visual Studio Solution File, Format Version 12.00
# Visual Studio Version 17
VisualStudioVersion = 17.6.33723.286
MinimumVisualStudioVersion = 10.0.40219.1
Project("{FAE04EC0-301F-11D3-BF4B-00C04F79EFBC}") = "ConditionState", "ConditionState\ConditionState.csproj", "{7F8014F1-544D-4CA0-8EFE-60466CF7EDC5}"
EndProject
Global
	GlobalSection(SolutionConfigurationPlatforms) = preSolution
		Debug|Any CPU = Debug|Any CPU
		Release|Any CPU = Release|Any CPU
	EndGlobalSection
	GlobalSection(ProjectConfigurationPlatforms) = postSolution
		{7F8014F1-544D-4CA0-8EFE-60466CF7EDC5}.Debug|Any CPU.ActiveCfg = Debug|Any CPU
		{7F8014F1-544D-4CA0-8EFE-60466CF7EDC5}.Debug|Any CPU.Build.0 = Debug|Any CPU
		{7F8014F1-544D-4CA0-8EFE-60466CF7EDC5}.Release|Any CPU.ActiveCfg = Release|Any CPU
		{7F8014F1-544D-4CA0-8EFE-60466CF7EDC5}.Release|Any CPU.Build.0 = Release|Any CPU
	EndGlobalSection
	GlobalSection(SolutionProperties) = preSolution
		HideSolutionNode = FALSE
	EndGlobalSection
	GlobalSection(ExtensibilityGlobals) = postSolution
		SolutionGuid = {89951FFA-9275-4FAB-84D7-80EB04F366E2}
	EndGlobalSection
EndGlobal
