
Microsoft Visual Studio Solution File, Format Version 12.00
# Visual Studio Version 17
VisualStudioVersion = 17.6.33723.286
MinimumVisualStudioVersion = 10.0.40219.1
Project("{FAE04EC0-301F-11D3-BF4B-00C04F79EFBC}") = "Array_method", "Array_method\Array_method.csproj", "{B2910A35-71A5-474B-8580-1EC56CA496F8}"
EndProject
Global
	GlobalSection(SolutionConfigurationPlatforms) = preSolution
		Debug|Any CPU = Debug|Any CPU
		Release|Any CPU = Release|Any CPU
	EndGlobalSection
	GlobalSection(ProjectConfigurationPlatforms) = postSolution
		{B2910A35-71A5-474B-8580-1EC56CA496F8}.Debug|Any CPU.ActiveCfg = Debug|Any CPU
		{B2910A35-71A5-474B-8580-1EC56CA496F8}.Debug|Any CPU.Build.0 = Debug|Any CPU
		{B2910A35-71A5-474B-8580-1EC56CA496F8}.Release|Any CPU.ActiveCfg = Release|Any CPU
		{B2910A35-71A5-474B-8580-1EC56CA496F8}.Release|Any CPU.Build.0 = Release|Any CPU
	EndGlobalSection
	GlobalSection(SolutionProperties) = preSolution
		HideSolutionNode = FALSE
	EndGlobalSection
	GlobalSection(ExtensibilityGlobals) = postSolution
		SolutionGuid = {F8EC90A0-B2B7-4AA0-87EC-6E4613322597}
	EndGlobalSection
EndGlobal
